<?xml version="1.0" encoding="utf-8"?>
<Project ToolsVersion="4.0" xmlns="http://schemas.microsoft.com/developer/msbuild/2003">
  <ItemGroup>
    <Filter Include="源文件">
      <UniqueIdentifier>{4FC737F1-C7A5-4376-A066-2A32D752A2FF}</UniqueIdentifier>
      <Extensions>cpp;c;cc;cxx;c++;cppm;ixx;def;odl;idl;hpj;bat;asm;asmx</Extensions>
    </Filter>
    <Filter Include="头文件">
      <UniqueIdentifier>{93995380-89BD-4b04-88EB-625FBE52EBFB}</UniqueIdentifier>
      <Extensions>h;hh;hpp;hxx;h++;hm;inl;inc;ipp;xsd</Extensions>
    </Filter>
    <Filter Include="资源文件">
      <UniqueIdentifier>{67DA6AB6-F800-4c08-8B7A-83BB121AAD01}</UniqueIdentifier>
      <Extensions>rc;ico;cur;bmp;dlg;rc2;rct;bin;rgs;gif;jpg;jpeg;jpe;resx;tiff;tif;png;wav;mfcribbon-ms</Extensions>
    </Filter>
  </ItemGroup>
  <ItemGroup>
    <ClCompile Include="cpps_01_overview.cpp">
      <Filter>源文件</Filter>
    </ClCompile>
    <ClCompile Include="cpps_02_sequence_container_01_vector.cpp">
      <Filter>源文件</Filter>
    </ClCompile>
    <ClCompile Include="cpps_03_sequence_container_02_deque.cpp">
      <Filter>源文件</Filter>
    </ClCompile>
    <ClCompile Include="cpps_04_sequence_container_03_list.cpp">
      <Filter>源文件</Filter>
    </ClCompile>
    <ClCompile Include="cpps_05_sequence_container_04_array.cpp">
      <Filter>源文件</Filter>
    </ClCompile>
    <ClCompile Include="cpps_06_associative_container__01_set.cpp">
      <Filter>源文件</Filter>
    </ClCompile>
    <ClCompile Include="cpps_07_associative_container_02_map.cpp">
      <Filter>源文件</Filter>
    </ClCompile>
    <ClCompile Include="cpps_08_unordered_associative_container_01_set.cpp">
      <Filter>源文件</Filter>
    </ClCompile>
    <ClCompile Include="cpps_09_unordered_associative_container_02_associative_array.cpp">
      <Filter>源文件</Filter>
    </ClCompile>
    <ClCompile Include="cpps_10_iterator.cpp">
      <Filter>源文件</Filter>
    </ClCompile>
    <ClCompile Include="cpps_11_iterator_adaptor.cpp">
      <Filter>源文件</Filter>
    </ClCompile>
    <ClCompile Include="cpps_12_some_algorithms.cpp">
      <Filter>源文件</Filter>
    </ClCompile>
    <ClCompile Include="cpps_13_functor.cpp">
      <Filter>源文件</Filter>
    </ClCompile>
    <ClCompile Include="cpps_14_parameter_binding.cpp">
      <Filter>源文件</Filter>
    </ClCompile>
    <ClCompile Include="cpps_15_lambda.cpp">
      <Filter>源文件</Filter>
    </ClCompile>
    <ClCompile Include="cpps_16_why_need_functor.cpp">
      <Filter>源文件</Filter>
    </ClCompile>
    <ClCompile Include="cpps_17_predicate.cpp">
      <Filter>源文件</Filter>
    </ClCompile>
    <ClCompile Include="cpps_18_sorting.cpp">
      <Filter>源文件</Filter>
    </ClCompile>
    <ClCompile Include="cpps_19_heap.cpp">
      <Filter>源文件</Filter>
    </ClCompile>
    <ClCompile Include="cpps_20_string_01_constructor_and_size.cpp">
      <Filter>源文件</Filter>
    </ClCompile>
    <ClCompile Include="cpps_21_string_02_accessing_character.cpp">
      <Filter>源文件</Filter>
    </ClCompile>
    <ClCompile Include="cpps_22_string_03_member_function.cpp">
      <Filter>源文件</Filter>
    </ClCompile>
    <ClCompile Include="cpps_23_string_04_non_member_function.cpp">
      <Filter>源文件</Filter>
    </ClCompile>
    <ClCompile Include="cpps_24_string_05_algorithms.cpp">
      <Filter>源文件</Filter>
    </ClCompile>
    <ClCompile Include="cpps_25_stream_01_introductory.cpp">
      <Filter>源文件</Filter>
    </ClCompile>
    <ClCompile Include="cpps_26_stream_02_file_stream.cpp">
      <Filter>源文件</Filter>
    </ClCompile>
    <ClCompile Include="cpps_27_stream_03_formatted_io.cpp">
      <Filter>源文件</Filter>
    </ClCompile>
    <ClCompile Include="cpps_28_stream_04_unformatted_io.cpp">
      <Filter>源文件</Filter>
    </ClCompile>
    <ClCompile Include="cpps_29_stream_05_manipulators.cpp">
      <Filter>源文件</Filter>
    </ClCompile>
    <ClCompile Include="cpps_30_stream_06_buffer.cpp">
      <Filter>源文件</Filter>
    </ClCompile>
    <ClCompile Include="cpps_31_stream_07_string_stream.cpp">
      <Filter>源文件</Filter>
    </ClCompile>
    <ClCompile Include="cpps_32_stream_08_enable_streaming_for_your_own_class.cpp">
      <Filter>源文件</Filter>
    </ClCompile>
  </ItemGroup>
</Project>