
Microsoft Visual Studio Solution File, Format Version 12.00
# Visual Studio Version 16
VisualStudioVersion = 16.0.31129.286
MinimumVisualStudioVersion = 10.0.40219.1
Project("{8BC9CEB8-8B4A-11D0-8D11-00A0C91BC942}") = "cpp_stl", "cpp_stl.vcxproj", "{3C824EB1-1597-417A-8CBB-F3F6A851FCFA}"
EndProject
Global
	GlobalSection(SolutionConfigurationPlatforms) = preSolution
		Debug|x64 = Debug|x64
		Debug|x86 = Debug|x86
		Release|x64 = Release|x64
		Release|x86 = Release|x86
	EndGlobalSection
	GlobalSection(ProjectConfigurationPlatforms) = postSolution
		{3C824EB1-1597-417A-8CBB-F3F6A851FCFA}.Debug|x64.ActiveCfg = Debug|x64
		{3C824EB1-1597-417A-8CBB-F3F6A851FCFA}.Debug|x64.Build.0 = Debug|x64
		{3C824EB1-1597-417A-8CBB-F3F6A851FCFA}.Debug|x86.ActiveCfg = Debug|Win32
		{3C824EB1-1597-417A-8CBB-F3F6A851FCFA}.Debug|x86.Build.0 = Debug|Win32
		{3C824EB1-1597-417A-8CBB-F3F6A851FCFA}.Release|x64.ActiveCfg = Release|x64
		{3C824EB1-1597-417A-8CBB-F3F6A851FCFA}.Release|x64.Build.0 = Release|x64
		{3C824EB1-1597-417A-8CBB-F3F6A851FCFA}.Release|x86.ActiveCfg = Release|Win32
		{3C824EB1-1597-417A-8CBB-F3F6A851FCFA}.Release|x86.Build.0 = Release|Win32
	EndGlobalSection
	GlobalSection(SolutionProperties) = preSolution
		HideSolutionNode = FALSE
	EndGlobalSection
	GlobalSection(ExtensibilityGlobals) = postSolution
		SolutionGuid = {F6D0D54C-EF73-459A-B35A-0F69B096438D}
	EndGlobalSection
EndGlobal
